
Microsoft Visual Studio Solution File, Format Version 12.00
# Visual Studio Version 16
VisualStudioVersion = 16.0.29806.167
MinimumVisualStudioVersion = 10.0.40219.1
Project("{FAE04EC0-301F-11D3-BF4B-00C04F79EFBC}") = "UserManagement_MVC", "UserManagement_MVC\UserManagement_MVC.csproj", "{D730CB18-648E-46A2-9023-86CAF0649546}"
EndProject
Global
	GlobalSection(SolutionConfigurationPlatforms) = preSolution
		Debug|Any CPU = Debug|Any CPU
		Release|Any CPU = Release|Any CPU
	EndGlobalSection
	GlobalSection(ProjectConfigurationPlatforms) = postSolution
		{D730CB18-648E-46A2-9023-86CAF0649546}.Debug|Any CPU.ActiveCfg = Debug|Any CPU
		{D730CB18-648E-46A2-9023-86CAF0649546}.Debug|Any CPU.Build.0 = Debug|Any CPU
		{D730CB18-648E-46A2-9023-86CAF0649546}.Release|Any CPU.ActiveCfg = Release|Any CPU
		{D730CB18-648E-46A2-9023-86CAF0649546}.Release|Any CPU.Build.0 = Release|Any CPU
	EndGlobalSection
	GlobalSection(SolutionProperties) = preSolution
		HideSolutionNode = FALSE
	EndGlobalSection
	GlobalSection(ExtensibilityGlobals) = postSolution
		SolutionGuid = {5A4754B9-6939-41F0-A346-2ED4A30A5CA2}
	EndGlobalSection
EndGlobal
